{
    "_meta": {
        "hash": {
            "sha256": "aae0189e8906f6a984a9af5ff3950d7b91d52cfdbb5b86a41936f2daed555e8a"
        },
        "pipfile-spec": 6,
        "requires": {
            "python_version": "3.12"
        },
        "sources": [
            {
                "name": "pypi",
                "url": "https://pypi.org/simple",
                "verify_ssl": true
            }
        ]
    },
    "default": {
        "annotated-types": {
            "hashes": [
                "sha256:1f02e8b43a8fbbc3f3e0d4f0f4bfc8131bcb4eebe8849b8e5c773f3a1c582a53",
                "sha256:aff07c09a53a08bc8cfccb9c85b05f1aa9a2a6f23728d790723543408344ce89"
            ],
            "markers": "python_version >= '3.8'",
            "version": "==0.7.0"
        },
        "anyio": {
            "hashes": [
                "sha256:1d9fe889df5212298c0c0723fa20479d1b94883a2df44bd3897aa91083316f7a",
                "sha256:b5011f270ab5eb0abf13385f851315585cc37ef330dd88e27ec3d34d651fd47a"
            ],
            "markers": "python_version >= '3.9'",
            "version": "==4.8.0"
        },
        "click": {
            "hashes": [
                "sha256:63c132bbbed01578a06712a2d1f497bb62d9c1c0d329b7903a866228027263b2",
                "sha256:ed53c9d8990d83c2a27deae68e4ee337473f6330c040a31d4225c9574d16096a"
            ],
            "markers": "python_version >= '3.7'",
            "version": "==8.1.8"
        },
        "fastapi": {
            "hashes": [
                "sha256:0e7a4d0dc0d01c68df21887cce0945e72d3c48b9f4f79dfe7a7d53aa08fbb289",
                "sha256:596b95adbe1474da47049e802f9a65ab2ffa9c2b07e7efee70eb8a66c9f2f796"
            ],
            "index": "pypi",
            "markers": "python_version >= '3.8'",
            "version": "==0.115.5"
        },
        "h11": {
            "hashes": [
                "sha256:8f19fbbe99e72420ff35c00b27a34cb9937e902a8b810e2c88300c6f0a3b699d",
                "sha256:e3fe4ac4b851c468cc8363d500db52c2ead036020723024a109d37346efaa761"
            ],
            "markers": "python_version >= '3.7'",
            "version": "==0.14.0"
        },
        "idna": {
            "hashes": [
                "sha256:12f65c9b470abda6dc35cf8e63cc574b1c52b11df2c86030af0ac09b01b13ea9",
                "sha256:946d195a0d259cbba61165e88e65941f16e9b36ea6ddb97f00452bae8b1287d3"
            ],
            "markers": "python_version >= '3.6'",
            "version": "==3.10"
        },
        "joblib": {
            "hashes": [
                "sha256:06d478d5674cbc267e7496a410ee875abd68e4340feff4490bcb7afb88060ae6",
                "sha256:2382c5816b2636fbd20a09e0f4e9dad4736765fdfb7dca582943b9c1366b3f0e"
            ],
            "markers": "python_version >= '3.8'",
            "version": "==1.4.2"
        },
        "numpy": {
            "hashes": [
                "sha256:016d0f6f5e77b0f0d45d77387ffa4bb89816b57c835580c3ce8e099ef830befe",
                "sha256:02135ade8b8a84011cbb67dc44e07c58f28575cf9ecf8ab304e51c05528c19f0",
                "sha256:08788d27a5fd867a663f6fc753fd7c3ad7e92747efc73c53bca2f19f8bc06f48",
                "sha256:0d30c543f02e84e92c4b1f415b7c6b5326cbe45ee7882b6b77db7195fb971e3a",
                "sha256:0fa14563cc46422e99daef53d725d0c326e99e468a9320a240affffe87852564",
                "sha256:13138eadd4f4da03074851a698ffa7e405f41a0845a6b1ad135b81596e4e9958",
                "sha256:14e253bd43fc6b37af4921b10f6add6925878a42a0c5fe83daee390bca80bc17",
                "sha256:15cb89f39fa6d0bdfb600ea24b250e5f1a3df23f901f51c8debaa6a5d122b2f0",
                "sha256:17ee83a1f4fef3c94d16dc1802b998668b5419362c8a4f4e8a491de1b41cc3ee",
                "sha256:2312b2aa89e1f43ecea6da6ea9a810d06aae08321609d8dc0d0eda6d946a541b",
                "sha256:2564fbdf2b99b3f815f2107c1bbc93e2de8ee655a69c261363a1172a79a257d4",
                "sha256:3522b0dfe983a575e6a9ab3a4a4dfe156c3e428468ff08ce582b9bb6bd1d71d4",
                "sha256:4394bc0dbd074b7f9b52024832d16e019decebf86caf909d94f6b3f77a8ee3b6",
                "sha256:45966d859916ad02b779706bb43b954281db43e185015df6eb3323120188f9e4",
                "sha256:4d1167c53b93f1f5d8a139a742b3c6f4d429b54e74e6b57d0eff40045187b15d",
                "sha256:4f2015dfe437dfebbfce7c85c7b53d81ba49e71ba7eadbf1df40c915af75979f",
                "sha256:50ca6aba6e163363f132b5c101ba078b8cbd3fa92c7865fd7d4d62d9779ac29f",
                "sha256:50d18c4358a0a8a53f12a8ba9d772ab2d460321e6a93d6064fc22443d189853f",
                "sha256:5641516794ca9e5f8a4d17bb45446998c6554704d888f86df9b200e66bdcce56",
                "sha256:576a1c1d25e9e02ed7fa5477f30a127fe56debd53b8d2c89d5578f9857d03ca9",
                "sha256:6a4825252fcc430a182ac4dee5a505053d262c807f8a924603d411f6718b88fd",
                "sha256:72dcc4a35a8515d83e76b58fdf8113a5c969ccd505c8a946759b24e3182d1f23",
                "sha256:747641635d3d44bcb380d950679462fae44f54b131be347d5ec2bce47d3df9ed",
                "sha256:762479be47a4863e261a840e8e01608d124ee1361e48b96916f38b119cfda04a",
                "sha256:78574ac2d1a4a02421f25da9559850d59457bac82f2b8d7a44fe83a64f770098",
                "sha256:825656d0743699c529c5943554d223c021ff0494ff1442152ce887ef4f7561a1",
                "sha256:8637dcd2caa676e475503d1f8fdb327bc495554e10838019651b76d17b98e512",
                "sha256:96fe52fcdb9345b7cd82ecd34547fca4321f7656d500eca497eb7ea5a926692f",
                "sha256:973faafebaae4c0aaa1a1ca1ce02434554d67e628b8d805e61f874b84e136b09",
                "sha256:996bb9399059c5b82f76b53ff8bb686069c05acc94656bb259b1d63d04a9506f",
                "sha256:a38c19106902bb19351b83802531fea19dee18e5b37b36454f27f11ff956f7fc",
                "sha256:a6b46587b14b888e95e4a24d7b13ae91fa22386c199ee7b418f449032b2fa3b8",
                "sha256:a9f7f672a3388133335589cfca93ed468509cb7b93ba3105fce780d04a6576a0",
                "sha256:aa08e04e08aaf974d4458def539dece0d28146d866a39da5639596f4921fd761",
                "sha256:b0df3635b9c8ef48bd3be5f862cf71b0a4716fa0e702155c45067c6b711ddcef",
                "sha256:b47fbb433d3260adcd51eb54f92a2ffbc90a4595f8970ee00e064c644ac788f5",
                "sha256:baed7e8d7481bfe0874b566850cb0b85243e982388b7b23348c6db2ee2b2ae8e",
                "sha256:bc6f24b3d1ecc1eebfbf5d6051faa49af40b03be1aaa781ebdadcbc090b4539b",
                "sha256:c006b607a865b07cd981ccb218a04fc86b600411d83d6fc261357f1c0966755d",
                "sha256:c181ba05ce8299c7aa3125c27b9c2167bca4a4445b7ce73d5febc411ca692e43",
                "sha256:c7662f0e3673fe4e832fe07b65c50342ea27d989f92c80355658c7f888fcc83c",
                "sha256:c80e4a09b3d95b4e1cac08643f1152fa71a0a821a2d4277334c88d54b2219a41",
                "sha256:c894b4305373b9c5576d7a12b473702afdf48ce5369c074ba304cc5ad8730dff",
                "sha256:d7aac50327da5d208db2eec22eb11e491e3fe13d22653dce51b0f4109101b408",
                "sha256:d89dd2b6da69c4fff5e39c28a382199ddedc3a5be5390115608345dec660b9e2",
                "sha256:d9beb777a78c331580705326d2367488d5bc473b49a9bc3036c154832520aca9",
                "sha256:dc258a761a16daa791081d026f0ed4399b582712e6fc887a95af09df10c5ca57",
                "sha256:e14e26956e6f1696070788252dcdff11b4aca4c3e8bd166e0df1bb8f315a67cb",
                "sha256:e6988e90fcf617da2b5c78902fe8e668361b43b4fe26dbf2d7b0f8034d4cafb9",
                "sha256:e711e02f49e176a01d0349d82cb5f05ba4db7d5e7e0defd026328e5cfb3226d3",
                "sha256:ea4dedd6e394a9c180b33c2c872b92f7ce0f8e7ad93e9585312b0c5a04777a4a",
                "sha256:ecc76a9ba2911d8d37ac01de72834d8849e55473457558e12995f4cd53e778e0",
                "sha256:f55ba01150f52b1027829b50d70ef1dafd9821ea82905b63936668403c3b471e",
                "sha256:f653490b33e9c3a4c1c01d41bc2aef08f9475af51146e4a7710c450cf9761598",
                "sha256:fa2d1337dc61c8dc417fbccf20f6d1e139896a30721b7f1e832b2bb6ef4eb6c4"
            ],
            "index": "pypi",
            "markers": "python_version >= '3.10'",
            "version": "==2.1.3"
        },
        "pandas": {
            "hashes": [
                "sha256:062309c1b9ea12a50e8ce661145c6aab431b1e99530d3cd60640e255778bd43a",
                "sha256:15c0e1e02e93116177d29ff83e8b1619c93ddc9c49083f237d4312337a61165d",
                "sha256:1948ddde24197a0f7add2bdc4ca83bf2b1ef84a1bc8ccffd95eda17fd836ecb5",
                "sha256:1db71525a1538b30142094edb9adc10be3f3e176748cd7acc2240c2f2e5aa3a4",
                "sha256:22a9d949bfc9a502d320aa04e5d02feab689d61da4e7764b62c30b991c42c5f0",
                "sha256:29401dbfa9ad77319367d36940cd8a0b3a11aba16063e39632d98b0e931ddf32",
                "sha256:31d0ced62d4ea3e231a9f228366919a5ea0b07440d9d4dac345376fd8e1477ea",
                "sha256:3508d914817e153ad359d7e069d752cdd736a247c322d932eb89e6bc84217f28",
                "sha256:37e0aced3e8f539eccf2e099f65cdb9c8aa85109b0be6e93e2baff94264bdc6f",
                "sha256:381175499d3802cde0eabbaf6324cce0c4f5d52ca6f8c377c29ad442f50f6348",
                "sha256:38cf8125c40dae9d5acc10fa66af8ea6fdf760b2714ee482ca691fc66e6fcb18",
                "sha256:3b71f27954685ee685317063bf13c7709a7ba74fc996b84fc6821c59b0f06468",
                "sha256:3fc6873a41186404dad67245896a6e440baacc92f5b716ccd1bc9ed2995ab2c5",
                "sha256:4850ba03528b6dd51d6c5d273c46f183f39a9baf3f0143e566b89450965b105e",
                "sha256:4f18ba62b61d7e192368b84517265a99b4d7ee8912f8708660fb4a366cc82667",
                "sha256:56534ce0746a58afaf7942ba4863e0ef81c9c50d3f0ae93e9497d6a41a057645",
                "sha256:59ef3764d0fe818125a5097d2ae867ca3fa64df032331b7e0917cf5d7bf66b13",
                "sha256:5dbca4c1acd72e8eeef4753eeca07de9b1db4f398669d5994086f788a5d7cc30",
                "sha256:5de54125a92bb4d1c051c0659e6fcb75256bf799a732a87184e5ea503965bce3",
                "sha256:61c5ad4043f791b61dd4752191d9f07f0ae412515d59ba8f005832a532f8736d",
                "sha256:6374c452ff3ec675a8f46fd9ab25c4ad0ba590b71cf0656f8b6daa5202bca3fb",
                "sha256:63cc132e40a2e084cf01adf0775b15ac515ba905d7dcca47e9a251819c575ef3",
                "sha256:66108071e1b935240e74525006034333f98bcdb87ea116de573a6a0dccb6c039",
                "sha256:6dfcb5ee8d4d50c06a51c2fffa6cff6272098ad6540aed1a76d15fb9318194d8",
                "sha256:7c2875855b0ff77b2a64a0365e24455d9990730d6431b9e0ee18ad8acee13dbd",
                "sha256:7eee9e7cea6adf3e3d24e304ac6b8300646e2a5d1cd3a3c2abed9101b0846761",
                "sha256:800250ecdadb6d9c78eae4990da62743b857b470883fa27f652db8bdde7f6659",
                "sha256:86976a1c5b25ae3f8ccae3a5306e443569ee3c3faf444dfd0f41cda24667ad57",
                "sha256:8cd6d7cc958a3910f934ea8dbdf17b2364827bb4dafc38ce6eef6bb3d65ff09c",
                "sha256:99df71520d25fade9db7c1076ac94eb994f4d2673ef2aa2e86ee039b6746d20c",
                "sha256:a5a1595fe639f5988ba6a8e5bc9649af3baf26df3998a0abe56c02609392e0a4",
                "sha256:ad5b65698ab28ed8d7f18790a0dc58005c7629f227be9ecc1072aa74c0c1d43a",
                "sha256:b1d432e8d08679a40e2a6d8b2f9770a5c21793a6f9f47fdd52c5ce1948a5a8a9",
                "sha256:b8661b0238a69d7aafe156b7fa86c44b881387509653fdf857bebc5e4008ad42",
                "sha256:ba96630bc17c875161df3818780af30e43be9b166ce51c9a18c1feae342906c2",
                "sha256:bc6b93f9b966093cb0fd62ff1a7e4c09e6d546ad7c1de191767baffc57628f39",
                "sha256:c124333816c3a9b03fbeef3a9f230ba9a737e9e5bb4060aa2107a86cc0a497fc",
                "sha256:cd8d0c3be0515c12fed0bdbae072551c8b54b7192c7b1fda0ba56059a0179698",
                "sha256:d9c45366def9a3dd85a6454c0e7908f2b3b8e9c138f5dc38fed7ce720d8453ed",
                "sha256:f00d1345d84d8c86a63e476bb4955e46458b304b9575dcf71102b5c705320015",
                "sha256:f3a255b2c19987fbbe62a9dfd6cff7ff2aa9ccab3fc75218fd4b7530f01efa24",
                "sha256:fffb8ae78d8af97f849404f21411c95062db1496aeb3e56f146f0355c9989319"
            ],
            "index": "pypi",
            "markers": "python_version >= '3.9'",
            "version": "==2.2.3"
        },
        "psycopg2-binary": {
            "hashes": [
                "sha256:04392983d0bb89a8717772a193cfaac58871321e3ec69514e1c4e0d4957b5aff",
                "sha256:056470c3dc57904bbf63d6f534988bafc4e970ffd50f6271fc4ee7daad9498a5",
                "sha256:0ea8e3d0ae83564f2fc554955d327fa081d065c8ca5cc6d2abb643e2c9c1200f",
                "sha256:155e69561d54d02b3c3209545fb08938e27889ff5a10c19de8d23eb5a41be8a5",
                "sha256:18c5ee682b9c6dd3696dad6e54cc7ff3a1a9020df6a5c0f861ef8bfd338c3ca0",
                "sha256:19721ac03892001ee8fdd11507e6a2e01f4e37014def96379411ca99d78aeb2c",
                "sha256:1a6784f0ce3fec4edc64e985865c17778514325074adf5ad8f80636cd029ef7c",
                "sha256:2286791ececda3a723d1910441c793be44625d86d1a4e79942751197f4d30341",
                "sha256:230eeae2d71594103cd5b93fd29d1ace6420d0b86f4778739cb1a5a32f607d1f",
                "sha256:245159e7ab20a71d989da00f280ca57da7641fa2cdcf71749c193cea540a74f7",
                "sha256:26540d4a9a4e2b096f1ff9cce51253d0504dca5a85872c7f7be23be5a53eb18d",
                "sha256:270934a475a0e4b6925b5f804e3809dd5f90f8613621d062848dd82f9cd62007",
                "sha256:27422aa5f11fbcd9b18da48373eb67081243662f9b46e6fd07c3eb46e4535142",
                "sha256:2ad26b467a405c798aaa1458ba09d7e2b6e5f96b1ce0ac15d82fd9f95dc38a92",
                "sha256:2b3d2491d4d78b6b14f76881905c7a8a8abcf974aad4a8a0b065273a0ed7a2cb",
                "sha256:2ce3e21dc3437b1d960521eca599d57408a695a0d3c26797ea0f72e834c7ffe5",
                "sha256:30e34c4e97964805f715206c7b789d54a78b70f3ff19fbe590104b71c45600e5",
                "sha256:3216ccf953b3f267691c90c6fe742e45d890d8272326b4a8b20850a03d05b7b8",
                "sha256:32581b3020c72d7a421009ee1c6bf4a131ef5f0a968fab2e2de0c9d2bb4577f1",
                "sha256:35958ec9e46432d9076286dda67942ed6d968b9c3a6a2fd62b48939d1d78bf68",
                "sha256:3abb691ff9e57d4a93355f60d4f4c1dd2d68326c968e7db17ea96df3c023ef73",
                "sha256:3c18f74eb4386bf35e92ab2354a12c17e5eb4d9798e4c0ad3a00783eae7cd9f1",
                "sha256:3c4745a90b78e51d9ba06e2088a2fe0c693ae19cc8cb051ccda44e8df8a6eb53",
                "sha256:3c4ded1a24b20021ebe677b7b08ad10bf09aac197d6943bfe6fec70ac4e4690d",
                "sha256:3e9c76f0ac6f92ecfc79516a8034a544926430f7b080ec5a0537bca389ee0906",
                "sha256:48b338f08d93e7be4ab2b5f1dbe69dc5e9ef07170fe1f86514422076d9c010d0",
                "sha256:4b3df0e6990aa98acda57d983942eff13d824135fe2250e6522edaa782a06de2",
                "sha256:512d29bb12608891e349af6a0cccedce51677725a921c07dba6342beaf576f9a",
                "sha256:5a507320c58903967ef7384355a4da7ff3f28132d679aeb23572753cbf2ec10b",
                "sha256:5c370b1e4975df846b0277b4deba86419ca77dbc25047f535b0bb03d1a544d44",
                "sha256:6b269105e59ac96aba877c1707c600ae55711d9dcd3fc4b5012e4af68e30c648",
                "sha256:6d4fa1079cab9018f4d0bd2db307beaa612b0d13ba73b5c6304b9fe2fb441ff7",
                "sha256:6dc08420625b5a20b53551c50deae6e231e6371194fa0651dbe0fb206452ae1f",
                "sha256:73aa0e31fa4bb82578f3a6c74a73c273367727de397a7a0f07bd83cbea696baa",
                "sha256:7559bce4b505762d737172556a4e6ea8a9998ecac1e39b5233465093e8cee697",
                "sha256:79625966e176dc97ddabc142351e0409e28acf4660b88d1cf6adb876d20c490d",
                "sha256:7a813c8bdbaaaab1f078014b9b0b13f5de757e2b5d9be6403639b298a04d218b",
                "sha256:7b2c956c028ea5de47ff3a8d6b3cc3330ab45cf0b7c3da35a2d6ff8420896526",
                "sha256:7f4152f8f76d2023aac16285576a9ecd2b11a9895373a1f10fd9db54b3ff06b4",
                "sha256:7f5d859928e635fa3ce3477704acee0f667b3a3d3e4bb109f2b18d4005f38287",
                "sha256:851485a42dbb0bdc1edcdabdb8557c09c9655dfa2ca0460ff210522e073e319e",
                "sha256:8608c078134f0b3cbd9f89b34bd60a943b23fd33cc5f065e8d5f840061bd0673",
                "sha256:880845dfe1f85d9d5f7c412efea7a08946a46894537e4e5d091732eb1d34d9a0",
                "sha256:8aabf1c1a04584c168984ac678a668094d831f152859d06e055288fa515e4d30",
                "sha256:8aecc5e80c63f7459a1a2ab2c64df952051df196294d9f739933a9f6687e86b3",
                "sha256:8cd9b4f2cfab88ed4a9106192de509464b75a906462fb846b936eabe45c2063e",
                "sha256:8de718c0e1c4b982a54b41779667242bc630b2197948405b7bd8ce16bcecac92",
                "sha256:9440fa522a79356aaa482aa4ba500b65f28e5d0e63b801abf6aa152a29bd842a",
                "sha256:b5f86c56eeb91dc3135b3fd8a95dc7ae14c538a2f3ad77a19645cf55bab1799c",
                "sha256:b73d6d7f0ccdad7bc43e6d34273f70d587ef62f824d7261c4ae9b8b1b6af90e8",
                "sha256:bb89f0a835bcfc1d42ccd5f41f04870c1b936d8507c6df12b7737febc40f0909",
                "sha256:c3cc28a6fd5a4a26224007712e79b81dbaee2ffb90ff406256158ec4d7b52b47",
                "sha256:ce5ab4bf46a211a8e924d307c1b1fcda82368586a19d0a24f8ae166f5c784864",
                "sha256:d00924255d7fc916ef66e4bf22f354a940c67179ad3fd7067d7a0a9c84d2fbfc",
                "sha256:d7cd730dfa7c36dbe8724426bf5612798734bff2d3c3857f36f2733f5bfc7c00",
                "sha256:e217ce4d37667df0bc1c397fdcd8de5e81018ef305aed9415c3b093faaeb10fb",
                "sha256:e3923c1d9870c49a2d44f795df0c889a22380d36ef92440ff618ec315757e539",
                "sha256:e5720a5d25e3b99cd0dc5c8a440570469ff82659bb09431c1439b92caf184d3b",
                "sha256:e8b58f0a96e7a1e341fc894f62c1177a7c83febebb5ff9123b579418fdc8a481",
                "sha256:e984839e75e0b60cfe75e351db53d6db750b00de45644c5d1f7ee5d1f34a1ce5",
                "sha256:eb09aa7f9cecb45027683bb55aebaaf45a0df8bf6de68801a6afdc7947bb09d4",
                "sha256:ec8a77f521a17506a24a5f626cb2aee7850f9b69a0afe704586f63a464f3cd64",
                "sha256:ecced182e935529727401b24d76634a357c71c9275b356efafd8a2a91ec07392",
                "sha256:ee0e8c683a7ff25d23b55b11161c2663d4b099770f6085ff0a20d4505778d6b4",
                "sha256:f0c2d907a1e102526dd2986df638343388b94c33860ff3bbe1384130828714b1",
                "sha256:f758ed67cab30b9a8d2833609513ce4d3bd027641673d4ebc9c067e4d208eec1",
                "sha256:f8157bed2f51db683f31306aa497311b560f2265998122abe1dce6428bd86567",
                "sha256:ffe8ed017e4ed70f68b7b371d84b7d4a790368db9203dfc2d222febd3a9c8863"
            ],
            "index": "pypi",
            "markers": "python_version >= '3.8'",
            "version": "==2.9.10"
        },
        "pydantic": {
            "hashes": [
                "sha256:427d664bf0b8a2b34ff5dd0f5a18df00591adcee7198fbd71981054cef37b584",
                "sha256:ca5daa827cce33de7a42be142548b0096bf05a7e7b365aebfa5f8eeec7128236"
            ],
            "markers": "python_version >= '3.8'",
            "version": "==2.10.6"
        },
        "pydantic-core": {
            "hashes": [
                "sha256:00bad2484fa6bda1e216e7345a798bd37c68fb2d97558edd584942aa41b7d278",
                "sha256:0296abcb83a797db256b773f45773da397da75a08f5fcaef41f2044adec05f50",
                "sha256:03d0f86ea3184a12f41a2d23f7ccb79cdb5a18e06993f8a45baa8dfec746f0e9",
                "sha256:044a50963a614ecfae59bb1eaf7ea7efc4bc62f49ed594e18fa1e5d953c40e9f",
                "sha256:05e3a55d124407fffba0dd6b0c0cd056d10e983ceb4e5dbd10dda135c31071d6",
                "sha256:08e125dbdc505fa69ca7d9c499639ab6407cfa909214d500897d02afb816e7cc",
                "sha256:097830ed52fd9e427942ff3b9bc17fab52913b2f50f2880dc4a5611446606a54",
                "sha256:0d1e85068e818c73e048fe28cfc769040bb1f475524f4745a5dc621f75ac7630",
                "sha256:0d75070718e369e452075a6017fbf187f788e17ed67a3abd47fa934d001863d9",
                "sha256:14d4a5c49d2f009d62a2a7140d3064f686d17a5d1a268bc641954ba181880236",
                "sha256:172fce187655fece0c90d90a678424b013f8fbb0ca8b036ac266749c09438cb7",
                "sha256:18a101c168e4e092ab40dbc2503bdc0f62010e95d292b27827871dc85450d7ee",
                "sha256:1a4207639fb02ec2dbb76227d7c751a20b1a6b4bc52850568e52260cae64ca3b",
                "sha256:1c1fd185014191700554795c99b347d64f2bb637966c4cfc16998a0ca700d048",
                "sha256:1e2cb691ed9834cd6a8be61228471d0a503731abfb42f82458ff27be7b2186fc",
                "sha256:1ebaf1d0481914d004a573394f4be3a7616334be70261007e47c2a6fe7e50130",
                "sha256:220f892729375e2d736b97d0e51466252ad84c51857d4d15f5e9692f9ef12be4",
                "sha256:251136cdad0cb722e93732cb45ca5299fb56e1344a833640bf93b2803f8d1bfd",
                "sha256:26f0d68d4b235a2bae0c3fc585c585b4ecc51382db0e3ba402a22cbc440915e4",
                "sha256:26f32e0adf166a84d0cb63be85c562ca8a6fa8de28e5f0d92250c6b7e9e2aff7",
                "sha256:280d219beebb0752699480fe8f1dc61ab6615c2046d76b7ab7ee38858de0a4e7",
                "sha256:28ccb213807e037460326424ceb8b5245acb88f32f3d2777427476e1b32c48c4",
                "sha256:2bf14caea37e91198329b828eae1618c068dfb8ef17bb33287a7ad4b61ac314e",
                "sha256:2d367ca20b2f14095a8f4fa1210f5a7b78b8a20009ecced6b12818f455b1e9fa",
                "sha256:30c5f68ded0c36466acede341551106821043e9afaad516adfb6e8fa80a4e6a6",
                "sha256:337b443af21d488716f8d0b6164de833e788aa6bd7e3a39c005febc1284f4962",
                "sha256:3911ac9284cd8a1792d3cb26a2da18f3ca26c6908cc434a18f730dc0db7bfa3b",
                "sha256:3d591580c34f4d731592f0e9fe40f9cc1b430d297eecc70b962e93c5c668f15f",
                "sha256:3de3ce3c9ddc8bbd88f6e0e304dea0e66d843ec9de1b0042b0911c1663ffd474",
                "sha256:3de9961f2a346257caf0aa508a4da705467f53778e9ef6fe744c038119737ef5",
                "sha256:40d02e7d45c9f8af700f3452f329ead92da4c5f4317ca9b896de7ce7199ea459",
                "sha256:42c5f762659e47fdb7b16956c71598292f60a03aa92f8b6351504359dbdba6cf",
                "sha256:47956ae78b6422cbd46f772f1746799cbb862de838fd8d1fbd34a82e05b0983a",
                "sha256:491a2b73db93fab69731eaee494f320faa4e093dbed776be1a829c2eb222c34c",
                "sha256:4c9775e339e42e79ec99c441d9730fccf07414af63eac2f0e48e08fd38a64d76",
                "sha256:4e0b4220ba5b40d727c7f879eac379b822eee5d8fff418e9d3381ee45b3b0362",
                "sha256:50a68f3e3819077be2c98110c1f9dcb3817e93f267ba80a2c05bb4f8799e2ff4",
                "sha256:519f29f5213271eeeeb3093f662ba2fd512b91c5f188f3bb7b27bc5973816934",
                "sha256:521eb9b7f036c9b6187f0b47318ab0d7ca14bd87f776240b90b21c1f4f149320",
                "sha256:57762139821c31847cfb2df63c12f725788bd9f04bc2fb392790959b8f70f118",
                "sha256:5e4f4bb20d75e9325cc9696c6802657b58bc1dbbe3022f32cc2b2b632c3fbb96",
                "sha256:5e68c4446fe0810e959cdff46ab0a41ce2f2c86d227d96dc3847af0ba7def306",
                "sha256:669e193c1c576a58f132e3158f9dfa9662969edb1a250c54d8fa52590045f046",
                "sha256:688d3fd9fcb71f41c4c015c023d12a79d1c4c0732ec9eb35d96e3388a120dcf3",
                "sha256:6fb4aadc0b9a0c063206846d603b92030eb6f03069151a625667f982887153e2",
                "sha256:7041c36f5680c6e0f08d922aed302e98b3745d97fe1589db0a3eebf6624523af",
                "sha256:71b24c7d61131bb83df10cc7e687433609963a944ccf45190cfc21e0887b08c9",
                "sha256:77d1bca19b0f7021b3a982e6f903dcd5b2b06076def36a652e3907f596e29f67",
                "sha256:7969e133a6f183be60e9f6f56bfae753585680f3b7307a8e555a948d443cc05a",
                "sha256:7a66efda2387de898c8f38c0cf7f14fca0b51a8ef0b24bfea5849f1b3c95af27",
                "sha256:7d0c8399fcc1848491f00e0314bd59fb34a9c008761bcb422a057670c3f65e35",
                "sha256:7d14bd329640e63852364c306f4d23eb744e0f8193148d4044dd3dacdaacbd8b",
                "sha256:7e17b560be3c98a8e3aa66ce828bdebb9e9ac6ad5466fba92eb74c4c95cb1151",
                "sha256:8083d4e875ebe0b864ffef72a4304827015cff328a1be6e22cc850753bfb122b",
                "sha256:82f91663004eb8ed30ff478d77c4d1179b3563df6cdb15c0817cd1cdaf34d154",
                "sha256:82f986faf4e644ffc189a7f1aafc86e46ef70372bb153e7001e8afccc6e54133",
                "sha256:83097677b8e3bd7eaa6775720ec8e0405f1575015a463285a92bfdfe254529ef",
                "sha256:85210c4d99a0114f5a9481b44560d7d1e35e32cc5634c656bc48e590b669b145",
                "sha256:8c19d1ea0673cd13cc2f872f6c9ab42acc4e4f492a7ca9d3795ce2b112dd7e15",
                "sha256:8d9b3388db186ba0c099a6d20f0604a44eabdeef1777ddd94786cdae158729e4",
                "sha256:8e10c99ef58cfdf2a66fc15d66b16c4a04f62bca39db589ae8cba08bc55331bc",
                "sha256:953101387ecf2f5652883208769a79e48db18c6df442568a0b5ccd8c2723abee",
                "sha256:9c3ed807c7b91de05e63930188f19e921d1fe90de6b4f5cd43ee7fcc3525cb8c",
                "sha256:9e0c8cfefa0ef83b4da9588448b6d8d2a2bf1a53c3f1ae5fca39eb3061e2f0b0",
                "sha256:9fdbe7629b996647b99c01b37f11170a57ae675375b14b8c13b8518b8320ced5",
                "sha256:a0fcd29cd6b4e74fe8ddd2c90330fd8edf2e30cb52acda47f06dd615ae72da57",
                "sha256:ac4dbfd1691affb8f48c2c13241a2e3b60ff23247cbcf981759c768b6633cf8b",
                "sha256:b0cb791f5b45307caae8810c2023a184c74605ec3bcbb67d13846c28ff731ff8",
                "sha256:ba5dd002f88b78a4215ed2f8ddbdf85e8513382820ba15ad5ad8955ce0ca19a1",
                "sha256:bca101c00bff0adb45a833f8451b9105d9df18accb8743b08107d7ada14bd7da",
                "sha256:bd8086fa684c4775c27f03f062cbb9eaa6e17f064307e86b21b9e0abc9c0f02e",
                "sha256:bec317a27290e2537f922639cafd54990551725fc844249e64c523301d0822fc",
                "sha256:c10eb4f1659290b523af58fa7cffb452a61ad6ae5613404519aee4bfbf1df993",
                "sha256:c33939a82924da9ed65dab5a65d427205a73181d8098e79b6b426bdf8ad4e656",
                "sha256:c61709a844acc6bf0b7dce7daae75195a10aac96a596ea1b776996414791ede4",
                "sha256:c70c26d2c99f78b125a3459f8afe1aed4d9687c24fd677c6a4436bc042e50d6c",
                "sha256:c817e2b40aba42bac6f457498dacabc568c3b7a986fc9ba7c8d9d260b71485fb",
                "sha256:cabb9bcb7e0d97f74df8646f34fc76fbf793b7f6dc2438517d7a9e50eee4f14d",
                "sha256:cc3f1a99a4f4f9dd1de4fe0312c114e740b5ddead65bb4102884b384c15d8bc9",
                "sha256:cca63613e90d001b9f2f9a9ceb276c308bfa2a43fafb75c8031c4f66039e8c6e",
                "sha256:ce8918cbebc8da707ba805b7fd0b382816858728ae7fe19a942080c24e5b7cd1",
                "sha256:d2088237af596f0a524d3afc39ab3b036e8adb054ee57cbb1dcf8e09da5b29cc",
                "sha256:d262606bf386a5ba0b0af3b97f37c83d7011439e3dc1a9298f21efb292e42f1a",
                "sha256:d2d63f1215638d28221f664596b1ccb3944f6e25dd18cd3b86b0a4c408d5ebb9",
                "sha256:d3e8d504bdd3f10835468f29008d72fc8359d95c9c415ce6e767203db6127506",
                "sha256:d4041c0b966a84b4ae7a09832eb691a35aec90910cd2dbe7a208de59be77965b",
                "sha256:d716e2e30c6f140d7560ef1538953a5cd1a87264c737643d481f2779fc247fe1",
                "sha256:d81d2068e1c1228a565af076598f9e7451712700b673de8f502f0334f281387d",
                "sha256:d9640b0059ff4f14d1f37321b94061c6db164fbe49b334b31643e0528d100d99",
                "sha256:de3cd1899e2c279b140adde9357c4495ed9d47131b4a4eaff9052f23398076b3",
                "sha256:e0fd26b16394ead34a424eecf8a31a1f5137094cabe84a1bcb10fa6ba39d3d31",
                "sha256:e2bb4d3e5873c37bb3dd58714d4cd0b0e6238cebc4177ac8fe878f8b3aa8e74c",
                "sha256:eb026e5a4c1fee05726072337ff51d1efb6f59090b7da90d30ea58625b1ffb39",
                "sha256:eda3f5c2a021bbc5d976107bb302e0131351c2ba54343f8a496dc8783d3d3a6a",
                "sha256:ef592d4bad47296fb11f96cd7dc898b92e795032b4894dfb4076cfccd43a9308",
                "sha256:f141ee28a0ad2123b6611b6ceff018039df17f32ada8b534e6aa039545a3efb2",
                "sha256:f66d89ba397d92f840f8654756196d93804278457b5fbede59598a1f9f90b228",
                "sha256:f6f8e111843bbb0dee4cb6594cdc73e79b3329b526037ec242a3e49012495b3b",
                "sha256:fa8e459d4954f608fa26116118bb67f56b93b209c39b008277ace29937453dc9",
                "sha256:fd1aea04935a508f62e0d0ef1f5ae968774a32afc306fb8545e06f5ff5cdf3ad"
            ],
            "markers": "python_version >= '3.8'",
            "version": "==2.27.2"
        },
        "python-dateutil": {
            "hashes": [
                "sha256:37dd54208da7e1cd875388217d5e00ebd4179249f90fb72437e91a35459a0ad3",
                "sha256:a8b2bc7bffae282281c8140a97d3aa9c14da0b136dfe83f850eea9a5f7470427"
            ],
            "markers": "python_version >= '2.7' and python_version not in '3.0, 3.1, 3.2, 3.3'",
            "version": "==2.9.0.post0"
        },
        "python-dotenv": {
            "hashes": [
                "sha256:e324ee90a023d808f1959c46bcbc04446a10ced277783dc6ee09987c37ec10ca",
                "sha256:f7b63ef50f1b690dddf550d03497b66d609393b40b564ed0d674909a68ebf16a"
            ],
            "index": "pypi",
            "markers": "python_version >= '3.8'",
            "version": "==1.0.1"
        },
        "pytz": {
            "hashes": [
                "sha256:89dd22dca55b46eac6eda23b2d72721bf1bdfef212645d81513ef5d03038de57",
                "sha256:c2db42be2a2518b28e65f9207c4d05e6ff547d1efa4086469ef855e4ab70178e"
            ],
            "version": "==2025.1"
        },
        "scikit-learn": {
            "hashes": [
                "sha256:03b6158efa3faaf1feea3faa884c840ebd61b6484167c711548fce208ea09445",
                "sha256:178ddd0a5cb0044464fc1bfc4cca5b1833bfc7bb022d70b05db8530da4bb3dd3",
                "sha256:1ff45e26928d3b4eb767a8f14a9a6efbf1cbff7c05d1fb0f95f211a89fd4f5de",
                "sha256:299406827fb9a4f862626d0fe6c122f5f87f8910b86fe5daa4c32dcd742139b6",
                "sha256:2d4cad1119c77930b235579ad0dc25e65c917e756fe80cab96aa3b9428bd3fb0",
                "sha256:394397841449853c2290a32050382edaec3da89e35b3e03d6cc966aebc6a8ae6",
                "sha256:3a686885a4b3818d9e62904d91b57fa757fc2bed3e465c8b177be652f4dd37c8",
                "sha256:3b923d119d65b7bd555c73be5423bf06c0105678ce7e1f558cb4b40b0a5502b1",
                "sha256:3bed4909ba187aca80580fe2ef370d9180dcf18e621a27c4cf2ef10d279a7efe",
                "sha256:52788f48b5d8bca5c0736c175fa6bdaab2ef00a8f536cda698db61bd89c551c1",
                "sha256:57cc1786cfd6bd118220a92ede80270132aa353647684efa385a74244a41e3b1",
                "sha256:643964678f4b5fbdc95cbf8aec638acc7aa70f5f79ee2cdad1eec3df4ba6ead8",
                "sha256:6c16d84a0d45e4894832b3c4d0bf73050939e21b99b01b6fd59cbb0cf39163b6",
                "sha256:757c7d514ddb00ae249832fe87100d9c73c6ea91423802872d9e74970a0e40b9",
                "sha256:8c412ccc2ad9bf3755915e3908e677b367ebc8d010acbb3f182814524f2e5540",
                "sha256:b0768ad641981f5d3a198430a1d31c3e044ed2e8a6f22166b4d546a5116d7908",
                "sha256:b4237ed7b3fdd0a4882792e68ef2545d5baa50aca3bb45aa7df468138ad8f94d",
                "sha256:b7b0f9a0b1040830d38c39b91b3a44e1b643f4b36e36567b80b7c6bd2202a27f",
                "sha256:c15b1ca23d7c5f33cc2cb0a0d6aaacf893792271cddff0edbd6a40e8319bc113",
                "sha256:ca64b3089a6d9b9363cd3546f8978229dcbb737aceb2c12144ee3f70f95684b7",
                "sha256:e9a702e2de732bbb20d3bad29ebd77fc05a6b427dc49964300340e4c9328b3f5",
                "sha256:f60021ec1574e56632be2a36b946f8143bf4e5e6af4a06d85281adc22938e0dd",
                "sha256:f7284ade780084d94505632241bf78c44ab3b6f1e8ccab3d2af58e0e950f9c12",
                "sha256:f763897fe92d0e903aa4847b0aec0e68cadfff77e8a0687cabd946c89d17e675",
                "sha256:f8b0ccd4a902836493e026c03256e8b206656f91fbcc4fde28c57a5b752561f1",
                "sha256:f932a02c3f4956dfb981391ab24bda1dbd90fe3d628e4b42caef3e041c67707a"
            ],
            "index": "pypi",
            "markers": "python_version >= '3.9'",
            "version": "==1.5.2"
        },
        "scipy": {
            "hashes": [
                "sha256:01edfac9f0798ad6b46d9c4c9ca0e0ad23dbf0b1eb70e96adb9fa7f525eff0bf",
                "sha256:03205d57a28e18dfd39f0377d5002725bf1f19a46f444108c29bdb246b6c8a11",
                "sha256:08b57a9336b8e79b305a143c3655cc5bdbe6d5ece3378578888d2afbb51c4e37",
                "sha256:11e7ad32cf184b74380f43d3c0a706f49358b904fa7d5345f16ddf993609184d",
                "sha256:28a0d2c2075946346e4408b211240764759e0fabaeb08d871639b5f3b1aca8a0",
                "sha256:2b871df1fe1a3ba85d90e22742b93584f8d2b8e6124f8372ab15c71b73e428b8",
                "sha256:302093e7dfb120e55515936cb55618ee0b895f8bcaf18ff81eca086c17bd80af",
                "sha256:42dabaaa798e987c425ed76062794e93a243be8f0f20fff6e7a89f4d61cb3d40",
                "sha256:447ce30cee6a9d5d1379087c9e474628dab3db4a67484be1b7dc3196bfb2fac9",
                "sha256:4c6676490ad76d1c2894d77f976144b41bd1a4052107902238047fb6a473e971",
                "sha256:54c462098484e7466362a9f1672d20888f724911a74c22ae35b61f9c5919183d",
                "sha256:597a0c7008b21c035831c39927406c6181bcf8f60a73f36219b69d010aa04737",
                "sha256:5a6fd6eac1ce74a9f77a7fc724080d507c5812d61e72bd5e4c489b042455865e",
                "sha256:5ea7ed46d437fc52350b028b1d44e002646e28f3e8ddc714011aaf87330f2f32",
                "sha256:601881dfb761311045b03114c5fe718a12634e5608c3b403737ae463c9885d53",
                "sha256:62ca1ff3eb513e09ed17a5736929429189adf16d2d740f44e53270cc800ecff1",
                "sha256:69ea6e56d00977f355c0f84eba69877b6df084516c602d93a33812aa04d90a3d",
                "sha256:6a8e34cf4c188b6dd004654f88586d78f95639e48a25dfae9c5e34a6dc34547e",
                "sha256:6d0194c37037707b2afa7a2f2a924cf7bac3dc292d51b6a925e5fcb89bc5c776",
                "sha256:6f223753c6ea76983af380787611ae1291e3ceb23917393079dcc746ba60cfb5",
                "sha256:6f5e296ec63c5da6ba6fa0343ea73fd51b8b3e1a300b0a8cae3ed4b1122c7462",
                "sha256:7cd5b77413e1855351cdde594eca99c1f4a588c2d63711388b6a1f1c01f62274",
                "sha256:869269b767d5ee7ea6991ed7e22b3ca1f22de73ab9a49c44bad338b725603301",
                "sha256:87994da02e73549dfecaed9e09a4f9d58a045a053865679aeb8d6d43747d4df3",
                "sha256:888307125ea0c4466287191e5606a2c910963405ce9671448ff9c81c53f85f58",
                "sha256:92233b2df6938147be6fa8824b8136f29a18f016ecde986666be5f4d686a91a4",
                "sha256:9412f5e408b397ff5641080ed1e798623dbe1ec0d78e72c9eca8992976fa65aa",
                "sha256:9b18aa747da280664642997e65aab1dd19d0c3d17068a04b3fe34e2559196cb9",
                "sha256:9de9d1416b3d9e7df9923ab23cd2fe714244af10b763975bea9e4f2e81cebd27",
                "sha256:a2ec871edaa863e8213ea5df811cd600734f6400b4af272e1c011e69401218e9",
                "sha256:a5080a79dfb9b78b768cebf3c9dcbc7b665c5875793569f48bf0e2b1d7f68f6f",
                "sha256:a8bf5cb4a25046ac61d38f8d3c3426ec11ebc350246a4642f2f315fe95bda655",
                "sha256:b09ae80010f52efddb15551025f9016c910296cf70adbf03ce2a8704f3a5ad20",
                "sha256:b5e025e903b4f166ea03b109bb241355b9c42c279ea694d8864d033727205e65",
                "sha256:bad78d580270a4d32470563ea86c6590b465cb98f83d760ff5b0990cb5518a93",
                "sha256:bae43364d600fdc3ac327db99659dcb79e6e7ecd279a75fe1266669d9a652828",
                "sha256:c4697a10da8f8765bb7c83e24a470da5797e37041edfd77fd95ba3811a47c4fd",
                "sha256:c90ebe8aaa4397eaefa8455a8182b164a6cc1d59ad53f79943f266d99f68687f",
                "sha256:cd58a314d92838f7e6f755c8a2167ead4f27e1fd5c1251fd54289569ef3495ec",
                "sha256:cf72ff559a53a6a6d77bd8eefd12a17995ffa44ad86c77a5df96f533d4e6c6bb",
                "sha256:def751dd08243934c884a3221156d63e15234a3155cf25978b0a668409d45eb6",
                "sha256:e7c68b6a43259ba0aab737237876e5c2c549a031ddb7abc28c7b47f22e202ded",
                "sha256:ecf797d2d798cf7c838c6d98321061eb3e72a74710e6c40540f0e8087e3b499e",
                "sha256:f031846580d9acccd0044efd1a90e6f4df3a6e12b4b6bd694a7bc03a89892b28",
                "sha256:fb530e4794fc8ea76a4a21ccb67dea33e5e0e60f07fc38a49e821e1eae3b71a0",
                "sha256:fe8a9eb875d430d81755472c5ba75e84acc980e4a8f6204d402849234d3017db"
            ],
            "markers": "python_version >= '3.10'",
            "version": "==1.15.2"
        },
        "six": {
            "hashes": [
                "sha256:4721f391ed90541fddacab5acf947aa0d3dc7d27b2e1e8eda2be8970586c3274",
                "sha256:ff70335d468e7eb6ec65b95b99d3a2836546063f63acc5171de367e834932a81"
            ],
            "markers": "python_version >= '2.7' and python_version not in '3.0, 3.1, 3.2, 3.3'",
            "version": "==1.17.0"
        },
        "sniffio": {
            "hashes": [
                "sha256:2f6da418d1f1e0fddd844478f41680e794e6051915791a034ff65e5f100525a2",
                "sha256:f4324edc670a0f49750a81b895f35c3adb843cca46f0530f79fc1babb23789dc"
            ],
            "markers": "python_version >= '3.7'",
            "version": "==1.3.1"
        },
        "sqlalchemy": {
            "hashes": [
                "sha256:03e08af7a5f9386a43919eda9de33ffda16b44eb11f3b313e6822243770e9763",
                "sha256:0572f4bd6f94752167adfd7c1bed84f4b240ee6203a95e05d1e208d488d0d436",
                "sha256:07b441f7d03b9a66299ce7ccf3ef2900abc81c0db434f42a5694a37bd73870f2",
                "sha256:1bc330d9d29c7f06f003ab10e1eaced295e87940405afe1b110f2eb93a233588",
                "sha256:1e0d612a17581b6616ff03c8e3d5eff7452f34655c901f75d62bd86449d9750e",
                "sha256:23623166bfefe1487d81b698c423f8678e80df8b54614c2bf4b4cfcd7c711959",
                "sha256:2519f3a5d0517fc159afab1015e54bb81b4406c278749779be57a569d8d1bb0d",
                "sha256:28120ef39c92c2dd60f2721af9328479516844c6b550b077ca450c7d7dc68575",
                "sha256:37350015056a553e442ff672c2d20e6f4b6d0b2495691fa239d8aa18bb3bc908",
                "sha256:39769a115f730d683b0eb7b694db9789267bcd027326cccc3125e862eb03bfd8",
                "sha256:3c01117dd36800f2ecaa238c65365b7b16497adc1522bf84906e5710ee9ba0e8",
                "sha256:3d6718667da04294d7df1670d70eeddd414f313738d20a6f1d1f379e3139a545",
                "sha256:3dbb986bad3ed5ceaf090200eba750b5245150bd97d3e67343a3cfed06feecf7",
                "sha256:4557e1f11c5f653ebfdd924f3f9d5ebfc718283b0b9beebaa5dd6b77ec290971",
                "sha256:46331b00096a6db1fdc052d55b101dbbfc99155a548e20a0e4a8e5e4d1362855",
                "sha256:4a121d62ebe7d26fec9155f83f8be5189ef1405f5973ea4874a26fab9f1e262c",
                "sha256:4f5e9cd989b45b73bd359f693b935364f7e1f79486e29015813c338450aa5a71",
                "sha256:50aae840ebbd6cdd41af1c14590e5741665e5272d2fee999306673a1bb1fdb4d",
                "sha256:59b1ee96617135f6e1d6f275bbe988f419c5178016f3d41d3c0abb0c819f75bb",
                "sha256:59b8f3adb3971929a3e660337f5dacc5942c2cdb760afcabb2614ffbda9f9f72",
                "sha256:66bffbad8d6271bb1cc2f9a4ea4f86f80fe5e2e3e501a5ae2a3dc6a76e604e6f",
                "sha256:69f93723edbca7342624d09f6704e7126b152eaed3cdbb634cb657a54332a3c5",
                "sha256:6a440293d802d3011028e14e4226da1434b373cbaf4a4bbb63f845761a708346",
                "sha256:72c28b84b174ce8af8504ca28ae9347d317f9dba3999e5981a3cd441f3712e24",
                "sha256:79d2e78abc26d871875b419e1fd3c0bca31a1cb0043277d0d850014599626c2e",
                "sha256:7f2767680b6d2398aea7082e45a774b2b0767b5c8d8ffb9c8b683088ea9b29c5",
                "sha256:8318f4776c85abc3f40ab185e388bee7a6ea99e7fa3a30686580b209eaa35c08",
                "sha256:8958b10490125124463095bbdadda5aa22ec799f91958e410438ad6c97a7b793",
                "sha256:8c78ac40bde930c60e0f78b3cd184c580f89456dd87fc08f9e3ee3ce8765ce88",
                "sha256:90812a8933df713fdf748b355527e3af257a11e415b613dd794512461eb8a686",
                "sha256:9bc633f4ee4b4c46e7adcb3a9b5ec083bf1d9a97c1d3854b92749d935de40b9b",
                "sha256:9e46ed38affdfc95d2c958de328d037d87801cfcbea6d421000859e9789e61c2",
                "sha256:9fe53b404f24789b5ea9003fc25b9a3988feddebd7e7b369c8fac27ad6f52f28",
                "sha256:a4e46a888b54be23d03a89be510f24a7652fe6ff660787b96cd0e57a4ebcb46d",
                "sha256:a86bfab2ef46d63300c0f06936bd6e6c0105faa11d509083ba8f2f9d237fb5b5",
                "sha256:ac9dfa18ff2a67b09b372d5db8743c27966abf0e5344c555d86cc7199f7ad83a",
                "sha256:af148a33ff0349f53512a049c6406923e4e02bf2f26c5fb285f143faf4f0e46a",
                "sha256:b11d0cfdd2b095e7b0686cf5fabeb9c67fae5b06d265d8180715b8cfa86522e3",
                "sha256:b2985c0b06e989c043f1dc09d4fe89e1616aadd35392aea2844f0458a989eacf",
                "sha256:b544ad1935a8541d177cb402948b94e871067656b3a0b9e91dbec136b06a2ff5",
                "sha256:b5cc79df7f4bc3d11e4b542596c03826063092611e481fcf1c9dfee3c94355ef",
                "sha256:b817d41d692bf286abc181f8af476c4fbef3fd05e798777492618378448ee689",
                "sha256:b81ee3d84803fd42d0b154cb6892ae57ea6b7c55d8359a02379965706c7efe6c",
                "sha256:be9812b766cad94a25bc63bec11f88c4ad3629a0cec1cd5d4ba48dc23860486b",
                "sha256:c245b1fbade9c35e5bd3b64270ab49ce990369018289ecfde3f9c318411aaa07",
                "sha256:c3f3631693003d8e585d4200730616b78fafd5a01ef8b698f6967da5c605b3fa",
                "sha256:c4ae3005ed83f5967f961fd091f2f8c5329161f69ce8480aa8168b2d7fe37f06",
                "sha256:c54a1e53a0c308a8e8a7dffb59097bff7facda27c70c286f005327f21b2bd6b1",
                "sha256:d0ddd9db6e59c44875211bc4c7953a9f6638b937b0a88ae6d09eb46cced54eff",
                "sha256:dc022184d3e5cacc9579e41805a681187650e170eb2fd70e28b86192a479dcaa",
                "sha256:e32092c47011d113dc01ab3e1d3ce9f006a47223b18422c5c0d150af13a00687",
                "sha256:f7b64e6ec3f02c35647be6b4851008b26cff592a95ecb13b6788a54ef80bbdd4",
                "sha256:f942a799516184c855e1a32fbc7b29d7e571b52612647866d4ec1c3242578fcb",
                "sha256:f9511d8dd4a6e9271d07d150fb2f81874a3c8c95e11ff9af3a2dfc35fe42ee44",
                "sha256:fd3a55deef00f689ce931d4d1b23fa9f04c880a48ee97af488fd215cf24e2a6c",
                "sha256:fddbe92b4760c6f5d48162aef14824add991aeda8ddadb3c31d56eb15ca69f8e",
                "sha256:fdf3386a801ea5aba17c6410dd1dc8d39cf454ca2565541b5ac42a84e1e28f53"
            ],
            "index": "pypi",
            "markers": "python_version >= '3.7'",
            "version": "==2.0.36"
        },
        "starlette": {
            "hashes": [
                "sha256:0e4ab3d16522a255be6b28260b938eae2482f98ce5cc934cb08dce8dc3ba5835",
                "sha256:44cedb2b7c77a9de33a8b74b2b90e9f50d11fcf25d8270ea525ad71a25374ff7"
            ],
            "markers": "python_version >= '3.8'",
            "version": "==0.41.3"
        },
        "threadpoolctl": {
            "hashes": [
                "sha256:082433502dd922bf738de0d8bcc4fdcbf0979ff44c42bd40f5af8a282f6fa107",
                "sha256:56c1e26c150397e58c4926da8eeee87533b1e32bef131bd4bf6a2f45f3185467"
            ],
            "markers": "python_version >= '3.8'",
            "version": "==3.5.0"
        },
        "typing-extensions": {
            "hashes": [
                "sha256:04e5ca0351e0f3f85c6853954072df659d0d13fac324d0072316b67d7794700d",
                "sha256:1a7ead55c7e559dd4dee8856e3a88b41225abfe1ce8df57b7c13915fe121ffb8"
            ],
            "markers": "python_version >= '3.8'",
            "version": "==4.12.2"
        },
        "tzdata": {
            "hashes": [
                "sha256:24894909e88cdb28bd1636c6887801df64cb485bd593f2fd83ef29075a81d694",
                "sha256:7e127113816800496f027041c570f50bcd464a020098a3b6b199517772303639"
            ],
            "markers": "python_version >= '2'",
            "version": "==2025.1"
        },
        "uuid": {
            "hashes": [
                "sha256:1f87cc004ac5120466f36c5beae48b4c48cc411968eed0eaecd3da82aa96193f"
            ],
            "index": "pypi",
            "version": "==1.30"
        },
        "uvicorn": {
            "hashes": [
                "sha256:82ad92fd58da0d12af7482ecdb5f2470a04c9c9a53ced65b9bbb4a205377602e",
                "sha256:ee9519c246a72b1c084cea8d3b44ed6026e78a4a309cbedae9c37e4cb9fbb175"
            ],
            "index": "pypi",
            "markers": "python_version >= '3.8'",
            "version": "==0.32.1"
        }
    },
    "develop": {}
}
